
Microsoft Visual Studio Solution File, Format Version 12.00
# Visual Studio Version 17
VisualStudioVersion = 17.2.32516.85
MinimumVisualStudioVersion = 10.0.40219.1
Project("{FAE04EC0-301F-11D3-BF4B-00C04F79EFBC}") = "Projeto de datas", "Projeto de datas\Projeto de datas.csproj", "{22A6E869-C138-492C-8FAE-4EFBF601CFC6}"
EndProject
Global
	GlobalSection(SolutionConfigurationPlatforms) = preSolution
		Debug|Any CPU = Debug|Any CPU
		Release|Any CPU = Release|Any CPU
	EndGlobalSection
	GlobalSection(ProjectConfigurationPlatforms) = postSolution
		{22A6E869-C138-492C-8FAE-4EFBF601CFC6}.Debug|Any CPU.ActiveCfg = Debug|Any CPU
		{22A6E869-C138-492C-8FAE-4EFBF601CFC6}.Debug|Any CPU.Build.0 = Debug|Any CPU
		{22A6E869-C138-492C-8FAE-4EFBF601CFC6}.Release|Any CPU.ActiveCfg = Release|Any CPU
		{22A6E869-C138-492C-8FAE-4EFBF601CFC6}.Release|Any CPU.Build.0 = Release|Any CPU
	EndGlobalSection
	GlobalSection(SolutionProperties) = preSolution
		HideSolutionNode = FALSE
	EndGlobalSection
	GlobalSection(ExtensibilityGlobals) = postSolution
		SolutionGuid = {30456417-C9E5-4884-95EC-376AD2750FCF}
	EndGlobalSection
EndGlobal
